{
  "name": "r3tests",
  "version": "1.0.0",
  "lockfileVersion": 3,
  "requires": true,
  "packages": {
    "": {
      "name": "r3tests",
      "version": "1.0.0",
      "license": "ISC",
      "dependencies": {
        "simple-statistics": "^7.8.0",
        "ttest": "^4.0.0"
      }
    },
    "node_modules/cephes": {
      "version": "1.2.0",
      "resolved": "https://registry.npmjs.org/cephes/-/cephes-1.2.0.tgz",
      "integrity": "sha512-twuUuJRrIrsELHz6foJtZlqrz6FC36zoHZJvvThsrM1UWPKxyoilw1Rka6Hk0AmPFKHKUoGwGfAtvNZNtNZu0g=="
    },
    "node_modules/distributions": {
      "version": "2.1.0",
      "resolved": "https://registry.npmjs.org/distributions/-/distributions-2.1.0.tgz",
      "integrity": "sha512-4eov7WXRip5Tu0K7Y51W1oVt+DcvkoE0EzsvbLzgedC/n4PUpYXHqk6vo/OH1HteBHp5Vm6cmfnInf9NAXM4qQ==",
      "dependencies": {
        "cephes": "^1.1.2"
      }
    },
    "node_modules/simple-statistics": {
      "version": "7.8.0",
      "resolved": "https://registry.npmjs.org/simple-statistics/-/simple-statistics-7.8.0.tgz",
      "integrity": "sha512-lTWbfJc0u6GZhBojLOrlHJMTHu6PdUjSsYLrpiH902dVBiYJyWlN/LdSoG8b5VvfG1D30gIBgarqMNeNmU5nAA==",
      "engines": {
        "node": "*"
      }
    },
    "node_modules/summary": {
      "version": "2.1.0",
      "resolved": "https://registry.npmjs.org/summary/-/summary-2.1.0.tgz",
      "integrity": "sha512-nMIjMrd5Z2nuB2RZCKJfFMjgS3fygbeyGk9PxPPaJR1RIcyN9yn4A63Isovzm3ZtQuEkLBVgMdPup8UeLH7aQw=="
    },
    "node_modules/ttest": {
      "version": "4.0.0",
      "resolved": "https://registry.npmjs.org/ttest/-/ttest-4.0.0.tgz",
      "integrity": "sha512-biXJWXntqllqzhEPN0TlpwSp4d2xjY2VblchlkJaLIAmlvny9bhpiiPNAlrjyQxcJC1ehoqB8w6JD2WU2p+yUQ==",
      "dependencies": {
        "distributions": "^2.1.0",
        "summary": "^2.0.0"
      }
    }
  }
}
